
Microsoft Visual Studio Solution File, Format Version 12.00
# Visual Studio Version 17
VisualStudioVersion = 17.2.32602.215
MinimumVisualStudioVersion = 10.0.40219.1
Project("{FAE04EC0-301F-11D3-BF4B-00C04F79EFBC}") = "EvoEstoque", "EvoEstoque\EvoEstoque.csproj", "{2EBE156F-920B-4CF6-87BF-EF14CDD2B6BB}"
EndProject
Global
	GlobalSection(SolutionConfigurationPlatforms) = preSolution
		Debug|Any CPU = Debug|Any CPU
		Release|Any CPU = Release|Any CPU
	EndGlobalSection
	GlobalSection(ProjectConfigurationPlatforms) = postSolution
		{2EBE156F-920B-4CF6-87BF-EF14CDD2B6BB}.Debug|Any CPU.ActiveCfg = Debug|Any CPU
		{2EBE156F-920B-4CF6-87BF-EF14CDD2B6BB}.Debug|Any CPU.Build.0 = Debug|Any CPU
		{2EBE156F-920B-4CF6-87BF-EF14CDD2B6BB}.Release|Any CPU.ActiveCfg = Release|Any CPU
		{2EBE156F-920B-4CF6-87BF-EF14CDD2B6BB}.Release|Any CPU.Build.0 = Release|Any CPU
	EndGlobalSection
	GlobalSection(SolutionProperties) = preSolution
		HideSolutionNode = FALSE
	EndGlobalSection
	GlobalSection(ExtensibilityGlobals) = postSolution
		SolutionGuid = {0E2E4095-98E0-4095-8BAB-D142904266E0}
	EndGlobalSection
EndGlobal
